// !$*UTF8*$!
{
	archiveVersion = 1;
	classes = {
	};
	objectVersion = 50;
	objects = {

/* Begin PBXBuildFile section */
		9000BD9A22FB21570010DCAA /* settings.swift in Sources */ = {isa = PBXBuildFile; fileRef = 9000BD9922FB21570010DCAA /* settings.swift */; };
		9003505F22985FC4003A7344 /* colorSwitch.swift in Sources */ = {isa = PBXBuildFile; fileRef = 9003505E22985FC4003A7344 /* colorSwitch.swift */; };
		9019CBFA23B3BB6D00353D31 /* backButton.swift in Sources */ = {isa = PBXBuildFile; fileRef = 9019CBF923B3BB6D00353D31 /* backButton.swift */; };
		902B5B9823B5376900ED6070 /* background music piano,guitar.m4a in Resources */ = {isa = PBXBuildFile; fileRef = 902B5B9723B5376900ED6070 /* background music piano,guitar.m4a */; };
		902B5B9A23B5515200ED6070 /* RGBA music - synth background.m4a in Resources */ = {isa = PBXBuildFile; fileRef = 902B5B9923B5515200ED6070 /* RGBA music - synth background.m4a */; };
		902B5B9D23B5570F00ED6070 /* squished.mp3 in Resources */ = {isa = PBXBuildFile; fileRef = 902B5B9B23B5570F00ED6070 /* squished.mp3 */; };
		902B5B9E23B5570F00ED6070 /* switch.mp3 in Resources */ = {isa = PBXBuildFile; fileRef = 902B5B9C23B5570F00ED6070 /* switch.mp3 */; };
		90510A7C23B164590027FC6C /* LevelThumbnail.swift in Sources */ = {isa = PBXBuildFile; fileRef = 90510A7B23B164590027FC6C /* LevelThumbnail.swift */; };
		90510A7E23B167C90027FC6C /* Standards.swift in Sources */ = {isa = PBXBuildFile; fileRef = 90510A7D23B167C90027FC6C /* Standards.swift */; };
		905C3EA020B70456001BCBE9 /* AppDelegate.swift in Sources */ = {isa = PBXBuildFile; fileRef = 905C3E9F20B70456001BCBE9 /* AppDelegate.swift */; };
		905C3EA820B70456001BCBE9 /* GameViewController.swift in Sources */ = {isa = PBXBuildFile; fileRef = 905C3EA720B70456001BCBE9 /* GameViewController.swift */; };
		905C3EAB20B70456001BCBE9 /* Main.storyboard in Resources */ = {isa = PBXBuildFile; fileRef = 905C3EA920B70456001BCBE9 /* Main.storyboard */; };
		905C3EAD20B70457001BCBE9 /* Assets.xcassets in Resources */ = {isa = PBXBuildFile; fileRef = 905C3EAC20B70457001BCBE9 /* Assets.xcassets */; };
		905C3EB020B70457001BCBE9 /* LaunchScreen.storyboard in Resources */ = {isa = PBXBuildFile; fileRef = 905C3EAE20B70457001BCBE9 /* LaunchScreen.storyboard */; };
		905C3EBA20B76024001BCBE9 /* Level.swift in Sources */ = {isa = PBXBuildFile; fileRef = 905C3EB920B76024001BCBE9 /* Level.swift */; };
		907D5E6223D0D91900C5E307 /* secondaryClick.m4a in Resources */ = {isa = PBXBuildFile; fileRef = 907D5E6123D0D91900C5E307 /* secondaryClick.m4a */; };
		9082DFB023006D0B00CB15E0 /* RGBAScene.swift in Sources */ = {isa = PBXBuildFile; fileRef = 9082DFAF23006D0B00CB15E0 /* RGBAScene.swift */; };
		90A3867423424EA50082704A /* MenuMenu.swift in Sources */ = {isa = PBXBuildFile; fileRef = 90A3867323424EA50082704A /* MenuMenu.swift */; };
		90A74A1E229DCE2000AC302E /* welcomeMenu.swift in Sources */ = {isa = PBXBuildFile; fileRef = 90A74A1D229DCE2000AC302E /* welcomeMenu.swift */; };
		90A7A9652314331600900A84 /* RGBALevel.swift in Sources */ = {isa = PBXBuildFile; fileRef = 90A7A9642314331600900A84 /* RGBALevel.swift */; };
		90ABED4C20DAFDDC00F00422 /* LevelMenu.swift in Sources */ = {isa = PBXBuildFile; fileRef = 90ABED4B20DAFDDC00F00422 /* LevelMenu.swift */; };
		90E8338123D1364100C7B380 /* TestingViewController.swift in Sources */ = {isa = PBXBuildFile; fileRef = 90E8338023D1364100C7B380 /* TestingViewController.swift */; };
/* End PBXBuildFile section */

/* Begin PBXFileReference section */
		9000BD9922FB21570010DCAA /* settings.swift */ = {isa = PBXFileReference; lastKnownFileType = sourcecode.swift; path = settings.swift; sourceTree = "<group>"; };
		9003505E22985FC4003A7344 /* colorSwitch.swift */ = {isa = PBXFileReference; lastKnownFileType = sourcecode.swift; path = colorSwitch.swift; sourceTree = "<group>"; };
		9019CBF923B3BB6D00353D31 /* backButton.swift */ = {isa = PBXFileReference; lastKnownFileType = sourcecode.swift; path = backButton.swift; sourceTree = "<group>"; };
		902B5B9723B5376900ED6070 /* background music piano,guitar.m4a */ = {isa = PBXFileReference; lastKnownFileType = file; path = "background music piano,guitar.m4a"; sourceTree = "<group>"; };
		902B5B9923B5515200ED6070 /* RGBA music - synth background.m4a */ = {isa = PBXFileReference; lastKnownFileType = file; path = "RGBA music - synth background.m4a"; sourceTree = "<group>"; };
		902B5B9B23B5570F00ED6070 /* squished.mp3 */ = {isa = PBXFileReference; lastKnownFileType = audio.mp3; path = squished.mp3; sourceTree = "<group>"; };
		902B5B9C23B5570F00ED6070 /* switch.mp3 */ = {isa = PBXFileReference; lastKnownFileType = audio.mp3; path = switch.mp3; sourceTree = "<group>"; };
		90510A7B23B164590027FC6C /* LevelThumbnail.swift */ = {isa = PBXFileReference; lastKnownFileType = sourcecode.swift; path = LevelThumbnail.swift; sourceTree = "<group>"; };
		90510A7D23B167C90027FC6C /* Standards.swift */ = {isa = PBXFileReference; lastKnownFileType = sourcecode.swift; path = Standards.swift; sourceTree = "<group>"; };
		905C3E9C20B70456001BCBE9 /* RGBPuzzelGame.app */ = {isa = PBXFileReference; explicitFileType = wrapper.application; includeInIndex = 0; path = RGBPuzzelGame.app; sourceTree = BUILT_PRODUCTS_DIR; };
		905C3E9F20B70456001BCBE9 /* AppDelegate.swift */ = {isa = PBXFileReference; lastKnownFileType = sourcecode.swift; path = AppDelegate.swift; sourceTree = "<group>"; };
		905C3EA720B70456001BCBE9 /* GameViewController.swift */ = {isa = PBXFileReference; lastKnownFileType = sourcecode.swift; path = GameViewController.swift; sourceTree = "<group>"; };
		905C3EAA20B70456001BCBE9 /* Base */ = {isa = PBXFileReference; lastKnownFileType = file.storyboard; name = Base; path = Base.lproj/Main.storyboard; sourceTree = "<group>"; };
		905C3EAC20B70457001BCBE9 /* Assets.xcassets */ = {isa = PBXFileReference; lastKnownFileType = folder.assetcatalog; path = Assets.xcassets; sourceTree = "<group>"; };
		905C3EAF20B70457001BCBE9 /* Base */ = {isa = PBXFileReference; lastKnownFileType = file.storyboard; name = Base; path = Base.lproj/LaunchScreen.storyboard; sourceTree = "<group>"; };
		905C3EB120B70457001BCBE9 /* Info.plist */ = {isa = PBXFileReference; lastKnownFileType = text.plist.xml; path = Info.plist; sourceTree = "<group>"; };
		905C3EB920B76024001BCBE9 /* Level.swift */ = {isa = PBXFileReference; lastKnownFileType = sourcecode.swift; path = Level.swift; sourceTree = "<group>"; };
		907D5E6123D0D91900C5E307 /* secondaryClick.m4a */ = {isa = PBXFileReference; lastKnownFileType = file; path = secondaryClick.m4a; sourceTree = "<group>"; };
		9082DFAF23006D0B00CB15E0 /* RGBAScene.swift */ = {isa = PBXFileReference; lastKnownFileType = sourcecode.swift; path = RGBAScene.swift; sourceTree = "<group>"; };
		90A3867323424EA50082704A /* MenuMenu.swift */ = {isa = PBXFileReference; lastKnownFileType = sourcecode.swift; path = MenuMenu.swift; sourceTree = "<group>"; };
		90A74A1D229DCE2000AC302E /* welcomeMenu.swift */ = {isa = PBXFileReference; lastKnownFileType = sourcecode.swift; path = welcomeMenu.swift; sourceTree = "<group>"; };
		90A7A9642314331600900A84 /* RGBALevel.swift */ = {isa = PBXFileReference; lastKnownFileType = sourcecode.swift; path = RGBALevel.swift; sourceTree = "<group>"; };
		90ABED4B20DAFDDC00F00422 /* LevelMenu.swift */ = {isa = PBXFileReference; lastKnownFileType = sourcecode.swift; path = LevelMenu.swift; sourceTree = "<group>"; };
		90E8338023D1364100C7B380 /* TestingViewController.swift */ = {isa = PBXFileReference; lastKnownFileType = sourcecode.swift; path = TestingViewController.swift; sourceTree = "<group>"; };
/* End PBXFileReference section */

/* Begin PBXFrameworksBuildPhase section */
		905C3E9920B70456001BCBE9 /* Frameworks */ = {
			isa = PBXFrameworksBuildPhase;
			buildActionMask = 2147483647;
			files = (
			);
			runOnlyForDeploymentPostprocessing = 0;
		};
/* End PBXFrameworksBuildPhase section */

/* Begin PBXGroup section */
		902B5B9223B52E0D00ED6070 /* Audio */ = {
			isa = PBXGroup;
			children = (
				907D5E6123D0D91900C5E307 /* secondaryClick.m4a */,
				902B5B9923B5515200ED6070 /* RGBA music - synth background.m4a */,
				902B5B9723B5376900ED6070 /* background music piano,guitar.m4a */,
				902B5B9B23B5570F00ED6070 /* squished.mp3 */,
				902B5B9C23B5570F00ED6070 /* switch.mp3 */,
			);
			path = Audio;
			sourceTree = "<group>";
		};
		905C3E9320B70456001BCBE9 = {
			isa = PBXGroup;
			children = (
				905C3E9E20B70456001BCBE9 /* RGBPuzzelGame */,
				905C3E9D20B70456001BCBE9 /* Products */,
			);
			sourceTree = "<group>";
		};
		905C3E9D20B70456001BCBE9 /* Products */ = {
			isa = PBXGroup;
			children = (
				905C3E9C20B70456001BCBE9 /* RGBPuzzelGame.app */,
			);
			name = Products;
			sourceTree = "<group>";
		};
		905C3E9E20B70456001BCBE9 /* RGBPuzzelGame */ = {
			isa = PBXGroup;
			children = (
				905C3E9F20B70456001BCBE9 /* AppDelegate.swift */,
				90510A7D23B167C90027FC6C /* Standards.swift */,
				9003505E22985FC4003A7344 /* colorSwitch.swift */,
				90510A7B23B164590027FC6C /* LevelThumbnail.swift */,
				9019CBF923B3BB6D00353D31 /* backButton.swift */,
				902B5B9223B52E0D00ED6070 /* Audio */,
				9082DFAF23006D0B00CB15E0 /* RGBAScene.swift */,
				90A7A9642314331600900A84 /* RGBALevel.swift */,
				905C3EB920B76024001BCBE9 /* Level.swift */,
				9000BD9922FB21570010DCAA /* settings.swift */,
				90A3867323424EA50082704A /* MenuMenu.swift */,
				90ABED4B20DAFDDC00F00422 /* LevelMenu.swift */,
				90A74A1D229DCE2000AC302E /* welcomeMenu.swift */,
				905C3EA720B70456001BCBE9 /* GameViewController.swift */,
				90E8338023D1364100C7B380 /* TestingViewController.swift */,
				905C3EA920B70456001BCBE9 /* Main.storyboard */,
				905C3EAC20B70457001BCBE9 /* Assets.xcassets */,
				905C3EAE20B70457001BCBE9 /* LaunchScreen.storyboard */,
				905C3EB120B70457001BCBE9 /* Info.plist */,
			);
			path = RGBPuzzelGame;
			sourceTree = "<group>";
		};
/* End PBXGroup section */

/* Begin PBXNativeTarget section */
		905C3E9B20B70456001BCBE9 /* RGBPuzzelGame */ = {
			isa = PBXNativeTarget;
			buildConfigurationList = 905C3EB420B70457001BCBE9 /* Build configuration list for PBXNativeTarget "RGBPuzzelGame" */;
			buildPhases = (
				905C3E9820B70456001BCBE9 /* Sources */,
				905C3E9920B70456001BCBE9 /* Frameworks */,
				905C3E9A20B70456001BCBE9 /* Resources */,
			);
			buildRules = (
			);
			dependencies = (
			);
			name = RGBPuzzelGame;
			productName = RGBPuzzelGame;
			productReference = 905C3E9C20B70456001BCBE9 /* RGBPuzzelGame.app */;
			productType = "com.apple.product-type.application";
		};
/* End PBXNativeTarget section */

/* Begin PBXProject section */
		905C3E9420B70456001BCBE9 /* Project object */ = {
			isa = PBXProject;
			attributes = {
				LastSwiftUpdateCheck = 0930;
				LastUpgradeCheck = 0930;
				ORGANIZATIONNAME = "Samuel Hoffmann";
				TargetAttributes = {
					905C3E9B20B70456001BCBE9 = {
						CreatedOnToolsVersion = 9.3.1;
						LastSwiftMigration = 1020;
					};
				};
			};
			buildConfigurationList = 905C3E9720B70456001BCBE9 /* Build configuration list for PBXProject "RGBPuzzelGame" */;
			compatibilityVersion = "Xcode 9.3";
			developmentRegion = en;
			hasScannedForEncodings = 0;
			knownRegions = (
				en,
				Base,
			);
			mainGroup = 905C3E9320B70456001BCBE9;
			productRefGroup = 905C3E9D20B70456001BCBE9 /* Products */;
			projectDirPath = "";
			projectRoot = "";
			targets = (
				905C3E9B20B70456001BCBE9 /* RGBPuzzelGame */,
			);
		};
/* End PBXProject section */

/* Begin PBXResourcesBuildPhase section */
		905C3E9A20B70456001BCBE9 /* Resources */ = {
			isa = PBXResourcesBuildPhase;
			buildActionMask = 2147483647;
			files = (
				907D5E6223D0D91900C5E307 /* secondaryClick.m4a in Resources */,
				902B5B9A23B5515200ED6070 /* RGBA music - synth background.m4a in Resources */,
				902B5B9E23B5570F00ED6070 /* switch.mp3 in Resources */,
				905C3EAB20B70456001BCBE9 /* Main.storyboard in Resources */,
				902B5B9D23B5570F00ED6070 /* squished.mp3 in Resources */,
				905C3EAD20B70457001BCBE9 /* Assets.xcassets in Resources */,
				902B5B9823B5376900ED6070 /* background music piano,guitar.m4a in Resources */,
				905C3EB020B70457001BCBE9 /* LaunchScreen.storyboard in Resources */,
			);
			runOnlyForDeploymentPostprocessing = 0;
		};
/* End PBXResourcesBuildPhase section */

/* Begin PBXSourcesBuildPhase section */
		905C3E9820B70456001BCBE9 /* Sources */ = {
			isa = PBXSourcesBuildPhase;
			buildActionMask = 2147483647;
			files = (
				90ABED4C20DAFDDC00F00422 /* LevelMenu.swift in Sources */,
				905C3EA820B70456001BCBE9 /* GameViewController.swift in Sources */,
				90510A7E23B167C90027FC6C /* Standards.swift in Sources */,
				905C3EBA20B76024001BCBE9 /* Level.swift in Sources */,
				905C3EA020B70456001BCBE9 /* AppDelegate.swift in Sources */,
				9082DFB023006D0B00CB15E0 /* RGBAScene.swift in Sources */,
				90A74A1E229DCE2000AC302E /* welcomeMenu.swift in Sources */,
				90E8338123D1364100C7B380 /* TestingViewController.swift in Sources */,
				9000BD9A22FB21570010DCAA /* settings.swift in Sources */,
				90A3867423424EA50082704A /* MenuMenu.swift in Sources */,
				9003505F22985FC4003A7344 /* colorSwitch.swift in Sources */,
				9019CBFA23B3BB6D00353D31 /* backButton.swift in Sources */,
				90A7A9652314331600900A84 /* RGBALevel.swift in Sources */,
				90510A7C23B164590027FC6C /* LevelThumbnail.swift in Sources */,
			);
			runOnlyForDeploymentPostprocessing = 0;
		};
/* End PBXSourcesBuildPhase section */

/* Begin PBXVariantGroup section */
		905C3EA920B70456001BCBE9 /* Main.storyboard */ = {
			isa = PBXVariantGroup;
			children = (
				905C3EAA20B70456001BCBE9 /* Base */,
			);
			name = Main.storyboard;
			sourceTree = "<group>";
		};
		905C3EAE20B70457001BCBE9 /* LaunchScreen.storyboard */ = {
			isa = PBXVariantGroup;
			children = (
				905C3EAF20B70457001BCBE9 /* Base */,
			);
			name = LaunchScreen.storyboard;
			sourceTree = "<group>";
		};
/* End PBXVariantGroup section */

/* Begin XCBuildConfiguration section */
		905C3EB220B70457001BCBE9 /* Debug */ = {
			isa = XCBuildConfiguration;
			buildSettings = {
				ALWAYS_SEARCH_USER_PATHS = NO;
				CLANG_ANALYZER_NONNULL = YES;
				CLANG_ANALYZER_NUMBER_OBJECT_CONVERSION = YES_AGGRESSIVE;
				CLANG_CXX_LANGUAGE_STANDARD = "gnu++14";
				CLANG_CXX_LIBRARY = "libc++";
				CLANG_ENABLE_MODULES = YES;
				CLANG_ENABLE_OBJC_ARC = YES;
				CLANG_ENABLE_OBJC_WEAK = YES;
				CLANG_WARN_BLOCK_CAPTURE_AUTORELEASING = YES;
				CLANG_WARN_BOOL_CONVERSION = YES;
				CLANG_WARN_COMMA = YES;
				CLANG_WARN_CONSTANT_CONVERSION = YES;
				CLANG_WARN_DEPRECATED_OBJC_IMPLEMENTATIONS = YES;
				CLANG_WARN_DIRECT_OBJC_ISA_USAGE = YES_ERROR;
				CLANG_WARN_DOCUMENTATION_COMMENTS = YES;
				CLANG_WARN_EMPTY_BODY = YES;
				CLANG_WARN_ENUM_CONVERSION = YES;
				CLANG_WARN_INFINITE_RECURSION = YES;
				CLANG_WARN_INT_CONVERSION = YES;
				CLANG_WARN_NON_LITERAL_NULL_CONVERSION = YES;
				CLANG_WARN_OBJC_IMPLICIT_RETAIN_SELF = YES;
				CLANG_WARN_OBJC_LITERAL_CONVERSION = YES;
				CLANG_WARN_OBJC_ROOT_CLASS = YES_ERROR;
				CLANG_WARN_RANGE_LOOP_ANALYSIS = YES;
				CLANG_WARN_STRICT_PROTOTYPES = YES;
				CLANG_WARN_SUSPICIOUS_MOVE = YES;
				CLANG_WARN_UNGUARDED_AVAILABILITY = YES_AGGRESSIVE;
				CLANG_WARN_UNREACHABLE_CODE = YES;
				CLANG_WARN__DUPLICATE_METHOD_MATCH = YES;
				CODE_SIGN_IDENTITY = "iPhone Developer";
				COPY_PHASE_STRIP = NO;
				DEBUG_INFORMATION_FORMAT = dwarf;
				ENABLE_STRICT_OBJC_MSGSEND = YES;
				ENABLE_TESTABILITY = YES;
				GCC_C_LANGUAGE_STANDARD = gnu11;
				GCC_DYNAMIC_NO_PIC = NO;
				GCC_NO_COMMON_BLOCKS = YES;
				GCC_OPTIMIZATION_LEVEL = 0;
				GCC_PREPROCESSOR_DEFINITIONS = (
					"DEBUG=1",
					"$(inherited)",
				);
				GCC_WARN_64_TO_32_BIT_CONVERSION = YES;
				GCC_WARN_ABOUT_RETURN_TYPE = YES_ERROR;
				GCC_WARN_UNDECLARED_SELECTOR = YES;
				GCC_WARN_UNINITIALIZED_AUTOS = YES_AGGRESSIVE;
				GCC_WARN_UNUSED_FUNCTION = YES;
				GCC_WARN_UNUSED_VARIABLE = YES;
				IPHONEOS_DEPLOYMENT_TARGET = 11.3;
				MTL_ENABLE_DEBUG_INFO = YES;
				ONLY_ACTIVE_ARCH = YES;
				SDKROOT = iphoneos;
				SWIFT_ACTIVE_COMPILATION_CONDITIONS = DEBUG;
				SWIFT_OPTIMIZATION_LEVEL = "-Onone";
			};
			name = Debug;
		};
		905C3EB320B70457001BCBE9 /* Release */ = {
			isa = XCBuildConfiguration;
			buildSettings = {
				ALWAYS_SEARCH_USER_PATHS = NO;
				CLANG_ANALYZER_NONNULL = YES;
				CLANG_ANALYZER_NUMBER_OBJECT_CONVERSION = YES_AGGRESSIVE;
				CLANG_CXX_LANGUAGE_STANDARD = "gnu++14";
				CLANG_CXX_LIBRARY = "libc++";
				CLANG_ENABLE_MODULES = YES;
				CLANG_ENABLE_OBJC_ARC = YES;
				CLANG_ENABLE_OBJC_WEAK = YES;
				CLANG_WARN_BLOCK_CAPTURE_AUTORELEASING = YES;
				CLANG_WARN_BOOL_CONVERSION = YES;
				CLANG_WARN_COMMA = YES;
				CLANG_WARN_CONSTANT_CONVERSION = YES;
				CLANG_WARN_DEPRECATED_OBJC_IMPLEMENTATIONS = YES;
				CLANG_WARN_DIRECT_OBJC_ISA_USAGE = YES_ERROR;
				CLANG_WARN_DOCUMENTATION_COMMENTS = YES;
				CLANG_WARN_EMPTY_BODY = YES;
				CLANG_WARN_ENUM_CONVERSION = YES;
				CLANG_WARN_INFINITE_RECURSION = YES;
				CLANG_WARN_INT_CONVERSION = YES;
				CLANG_WARN_NON_LITERAL_NULL_CONVERSION = YES;
				CLANG_WARN_OBJC_IMPLICIT_RETAIN_SELF = YES;
				CLANG_WARN_OBJC_LITERAL_CONVERSION = YES;
				CLANG_WARN_OBJC_ROOT_CLASS = YES_ERROR;
				CLANG_WARN_RANGE_LOOP_ANALYSIS = YES;
				CLANG_WARN_STRICT_PROTOTYPES = YES;
				CLANG_WARN_SUSPICIOUS_MOVE = YES;
				CLANG_WARN_UNGUARDED_AVAILABILITY = YES_AGGRESSIVE;
				CLANG_WARN_UNREACHABLE_CODE = YES;
				CLANG_WARN__DUPLICATE_METHOD_MATCH = YES;
				CODE_SIGN_IDENTITY = "iPhone Developer";
				COPY_PHASE_STRIP = NO;
				DEBUG_INFORMATION_FORMAT = "dwarf-with-dsym";
				ENABLE_NS_ASSERTIONS = NO;
				ENABLE_STRICT_OBJC_MSGSEND = YES;
				GCC_C_LANGUAGE_STANDARD = gnu11;
				GCC_NO_COMMON_BLOCKS = YES;
				GCC_WARN_64_TO_32_BIT_CONVERSION = YES;
				GCC_WARN_ABOUT_RETURN_TYPE = YES_ERROR;
				GCC_WARN_UNDECLARED_SELECTOR = YES;
				GCC_WARN_UNINITIALIZED_AUTOS = YES_AGGRESSIVE;
				GCC_WARN_UNUSED_FUNCTION = YES;
				GCC_WARN_UNUSED_VARIABLE = YES;
				IPHONEOS_DEPLOYMENT_TARGET = 11.3;
				MTL_ENABLE_DEBUG_INFO = NO;
				SDKROOT = iphoneos;
				SWIFT_COMPILATION_MODE = wholemodule;
				SWIFT_OPTIMIZATION_LEVEL = "-O";
				VALIDATE_PRODUCT = YES;
			};
			name = Release;
		};
		905C3EB520B70457001BCBE9 /* Debug */ = {
			isa = XCBuildConfiguration;
			buildSettings = {
				ASSETCATALOG_COMPILER_APPICON_NAME = "AppIcon-2";
				ASSETCATALOG_COMPILER_LAUNCHIMAGE_NAME = "LaunchImage-2";
				CODE_SIGN_STYLE = Automatic;
				DEVELOPMENT_TEAM = ZM8773GJ6J;
				INFOPLIST_FILE = RGBPuzzelGame/Info.plist;
				IPHONEOS_DEPLOYMENT_TARGET = 11.3;
				LD_RUNPATH_SEARCH_PATHS = (
					"$(inherited)",
					"@executable_path/Frameworks",
				);
				PRODUCT_BUNDLE_IDENTIFIER = com.SamuelHoffmann.IOSDev.RGBPuzzelGame;
				PRODUCT_NAME = "$(TARGET_NAME)";
				SWIFT_VERSION = 5.0;
				TARGETED_DEVICE_FAMILY = 1;
			};
			name = Debug;
		};
		905C3EB620B70457001BCBE9 /* Release */ = {
			isa = XCBuildConfiguration;
			buildSettings = {
				ASSETCATALOG_COMPILER_APPICON_NAME = "AppIcon-2";
				ASSETCATALOG_COMPILER_LAUNCHIMAGE_NAME = "LaunchImage-2";
				CODE_SIGN_STYLE = Automatic;
				DEVELOPMENT_TEAM = ZM8773GJ6J;
				INFOPLIST_FILE = RGBPuzzelGame/Info.plist;
				IPHONEOS_DEPLOYMENT_TARGET = 11.3;
				LD_RUNPATH_SEARCH_PATHS = (
					"$(inherited)",
					"@executable_path/Frameworks",
				);
				PRODUCT_BUNDLE_IDENTIFIER = com.SamuelHoffmann.IOSDev.RGBPuzzelGame;
				PRODUCT_NAME = "$(TARGET_NAME)";
				SWIFT_VERSION = 5.0;
				TARGETED_DEVICE_FAMILY = 1;
			};
			name = Release;
		};
/* End XCBuildConfiguration section */

/* Begin XCConfigurationList section */
		905C3E9720B70456001BCBE9 /* Build configuration list for PBXProject "RGBPuzzelGame" */ = {
			isa = XCConfigurationList;
			buildConfigurations = (
				905C3EB220B70457001BCBE9 /* Debug */,
				905C3EB320B70457001BCBE9 /* Release */,
			);
			defaultConfigurationIsVisible = 0;
			defaultConfigurationName = Release;
		};
		905C3EB420B70457001BCBE9 /* Build configuration list for PBXNativeTarget "RGBPuzzelGame" */ = {
			isa = XCConfigurationList;
			buildConfigurations = (
				905C3EB520B70457001BCBE9 /* Debug */,
				905C3EB620B70457001BCBE9 /* Release */,
			);
			defaultConfigurationIsVisible = 0;
			defaultConfigurationName = Release;
		};
/* End XCConfigurationList section */
	};
	rootObject = 905C3E9420B70456001BCBE9 /* Project object */;
}
